// !$*UTF8*$!
{
	archiveVersion = 1;
	classes = {
	};
	objectVersion = 77;
	objects = {

/* Begin PBXContainerItemProxy section */
		A2ADB2B62FD482E700878B7F /* PBXContainerItemProxy */ = {
			isa = PBXContainerItemProxy;
			containerPortal = A2ADB29E2FD482E600878B7F /* Project object */;
			proxyType = 1;
			remoteGlobalIDString = A2ADB2A52FD482E600878B7F;
			remoteInfo = ZipCart;
		};
		A2ADB2C02FD482E700878B7F /* PBXContainerItemProxy */ = {
			isa = PBXContainerItemProxy;
			containerPortal = A2ADB29E2FD482E600878B7F /* Project object */;
			proxyType = 1;
			remoteGlobalIDString = A2ADB2A52FD482E600878B7F;
			remoteInfo = ZipCart;
		};
/* End PBXContainerItemProxy section */

/* Begin PBXFileReference section */
		A2ADB2A62FD482E600878B7F /* ZipCart.app */ = {isa = PBXFileReference; explicitFileType = wrapper.application; includeInIndex = 0; path = ZipCart.app; sourceTree = BUILT_PRODUCTS_DIR; };
		A2ADB2B52FD482E700878B7F /* ZipCartTests.xctest */ = {isa = PBXFileReference; explicitFileType = wrapper.cfbundle; includeInIndex = 0; path = ZipCartTests.xctest; sourceTree = BUILT_PRODUCTS_DIR; };
		A2ADB2BF2FD482E700878B7F /* ZipCartUITests.xctest */ = {isa = PBXFileReference; explicitFileType = wrapper.cfbundle; includeInIndex = 0; path = ZipCartUITests.xctest; sourceTree = BUILT_PRODUCTS_DIR; };
/* End PBXFileReference section */

/* Begin PBXFileSystemSynchronizedRootGroup section */
		A2ADB2A82FD482E600878B7F /* ZipCart */ = {
			isa = PBXFileSystemSynchronizedRootGroup;
			path = ZipCart;
			sourceTree = "<group>";
		};
		A2ADB2B82FD482E700878B7F /* ZipCartTests */ = {
			isa = PBXFileSystemSynchronizedRootGroup;
			path = ZipCartTests;
			sourceTree = "<group>";
		};
		A2ADB2C22FD482E700878B7F /* ZipCartUITests */ = {
			isa = PBXFileSystemSynchronizedRootGroup;
			path = ZipCartUITests;
			sourceTree = "<group>";
		};
		A2ADB2E02FD4845600878B7F /* Models */ = {
			isa = PBXFileSystemSynchronizedRootGroup;
			path = Models;
			sourceTree = "<group>";
		};
		A2ADB2E22FD4847100878B7F /* Views */ = {
			isa = PBXFileSystemSynchronizedRootGroup;
			path = Views;
			sourceTree = "<group>";
		};
		A2ADB2E42FD4848200878B7F /* ViewModels */ = {
			isa = PBXFileSystemSynchronizedRootGroup;
			path = ViewModels;
			sourceTree = "<group>";
		};
		A2ADB2E52FD484A700878B7F /* Services */ = {
			isa = PBXFileSystemSynchronizedRootGroup;
			path = Services;
			sourceTree = "<group>";
		};
		A2ADB2E72FD484BC00878B7F /* Managers */ = {
			isa = PBXFileSystemSynchronizedRootGroup;
			path = Managers;
			sourceTree = "<group>";
		};
		A2ADB2E82FD484CD00878B7F /* Repositories */ = {
			isa = PBXFileSystemSynchronizedRootGroup;
			path = Repositories;
			sourceTree = "<group>";
		};
		A2ADB2EA2FD4852E00878B7F /* Persistence */ = {
			isa = PBXFileSystemSynchronizedRootGroup;
			path = Persistence;
			sourceTree = "<group>";
		};
		A2ADB2EB2FD4854700878B7F /* Components */ = {
			isa = PBXFileSystemSynchronizedRootGroup;
			path = Components;
			sourceTree = "<group>";
		};
		A2ADB2EC2FD4855300878B7F /* Resources */ = {
			isa = PBXFileSystemSynchronizedRootGroup;
			path = Resources;
			sourceTree = "<group>";
		};
		A2ADB2EE2FD4856400878B7F /* Utilities */ = {
			isa = PBXFileSystemSynchronizedRootGroup;
			path = Utilities;
			sourceTree = "<group>";
		};
		A2ADB2F12FD488EE00878B7F /* Navigation */ = {
			isa = PBXFileSystemSynchronizedRootGroup;
			path = Navigation;
			sourceTree = "<group>";
		};
		A2ADB2FF2FD490BD00878B7F /* Core */ = {
			isa = PBXFileSystemSynchronizedRootGroup;
			path = Core;
			sourceTree = "<group>";
		};
/* End PBXFileSystemSynchronizedRootGroup section */

/* Begin PBXFrameworksBuildPhase section */
		A2ADB2A32FD482E600878B7F /* Frameworks */ = {
			isa = PBXFrameworksBuildPhase;
			buildActionMask = 2147483647;
			files = (
			);
			runOnlyForDeploymentPostprocessing = 0;
		};
		A2ADB2B22FD482E700878B7F /* Frameworks */ = {
			isa = PBXFrameworksBuildPhase;
			buildActionMask = 2147483647;
			files = (
			);
			runOnlyForDeploymentPostprocessing = 0;
		};
		A2ADB2BC2FD482E700878B7F /* Frameworks */ = {
			isa = PBXFrameworksBuildPhase;
			buildActionMask = 2147483647;
			files = (
			);
			runOnlyForDeploymentPostprocessing = 0;
		};
/* End PBXFrameworksBuildPhase section */

/* Begin PBXGroup section */
		A2ADB29D2FD482E600878B7F = {
			isa = PBXGroup;
			children = (
				A2ADB2FF2FD490BD00878B7F /* Core */,
				A2ADB2EC2FD4855300878B7F /* Resources */,
				A2ADB2EB2FD4854700878B7F /* Components */,
				A2ADB2E82FD484CD00878B7F /* Repositories */,
				A2ADB2E52FD484A700878B7F /* Services */,
				A2ADB2E22FD4847100878B7F /* Views */,
				A2ADB2E02FD4845600878B7F /* Models */,
				A2ADB2A82FD482E600878B7F /* ZipCart */,
				A2ADB2B82FD482E700878B7F /* ZipCartTests */,
				A2ADB2C22FD482E700878B7F /* ZipCartUITests */,
				A2ADB2A72FD482E600878B7F /* Products */,
				A2ADB2E42FD4848200878B7F /* ViewModels */,
				A2ADB2E72FD484BC00878B7F /* Managers */,
				A2ADB2EA2FD4852E00878B7F /* Persistence */,
				A2ADB2EE2FD4856400878B7F /* Utilities */,
				A2ADB2F12FD488EE00878B7F /* Navigation */,
			);
			sourceTree = "<group>";
		};
		A2ADB2A72FD482E600878B7F /* Products */ = {
			isa = PBXGroup;
			children = (
				A2ADB2A62FD482E600878B7F /* ZipCart.app */,
				A2ADB2B52FD482E700878B7F /* ZipCartTests.xctest */,
				A2ADB2BF2FD482E700878B7F /* ZipCartUITests.xctest */,
			);
			name = Products;
			sourceTree = "<group>";
		};
/* End PBXGroup section */

/* Begin PBXNativeTarget section */
		A2ADB2A52FD482E600878B7F /* ZipCart */ = {
			isa = PBXNativeTarget;
			buildConfigurationList = A2ADB2C92FD482E700878B7F /* Build configuration list for PBXNativeTarget "ZipCart" */;
			buildPhases = (
				A2ADB2A22FD482E600878B7F /* Sources */,
				A2ADB2A32FD482E600878B7F /* Frameworks */,
				A2ADB2A42FD482E600878B7F /* Resources */,
			);
			buildRules = (
			);
			dependencies = (
			);
			fileSystemSynchronizedGroups = (
				A2ADB2A82FD482E600878B7F /* ZipCart */,
				A2ADB2E02FD4845600878B7F /* Models */,
				A2ADB2E22FD4847100878B7F /* Views */,
				A2ADB2E42FD4848200878B7F /* ViewModels */,
				A2ADB2E52FD484A700878B7F /* Services */,
				A2ADB2E72FD484BC00878B7F /* Managers */,
				A2ADB2E82FD484CD00878B7F /* Repositories */,
				A2ADB2EA2FD4852E00878B7F /* Persistence */,
				A2ADB2EB2FD4854700878B7F /* Components */,
				A2ADB2EC2FD4855300878B7F /* Resources */,
				A2ADB2EE2FD4856400878B7F /* Utilities */,
				A2ADB2F12FD488EE00878B7F /* Navigation */,
				A2ADB2FF2FD490BD00878B7F /* Core */,
			);
			name = ZipCart;
			packageProductDependencies = (
			);
			productName = ZipCart;
			productReference = A2ADB2A62FD482E600878B7F /* ZipCart.app */;
			productType = "com.apple.product-type.application";
		};
		A2ADB2B42FD482E700878B7F /* ZipCartTests */ = {
			isa = PBXNativeTarget;
			buildConfigurationList = A2ADB2CC2FD482E700878B7F /* Build configuration list for PBXNativeTarget "ZipCartTests" */;
			buildPhases = (
				A2ADB2B12FD482E700878B7F /* Sources */,
				A2ADB2B22FD482E700878B7F /* Frameworks */,
				A2ADB2B32FD482E700878B7F /* Resources */,
			);
			buildRules = (
			);
			dependencies = (
				A2ADB2B72FD482E700878B7F /* PBXTargetDependency */,
			);
			fileSystemSynchronizedGroups = (
				A2ADB2B82FD482E700878B7F /* ZipCartTests */,
			);
			name = ZipCartTests;
			packageProductDependencies = (
			);
			productName = ZipCartTests;
			productReference = A2ADB2B52FD482E700878B7F /* ZipCartTests.xctest */;
			productType = "com.apple.product-type.bundle.unit-test";
		};
		A2ADB2BE2FD482E700878B7F /* ZipCartUITests */ = {
			isa = PBXNativeTarget;
			buildConfigurationList = A2ADB2CF2FD482E700878B7F /* Build configuration list for PBXNativeTarget "ZipCartUITests" */;
			buildPhases = (
				A2ADB2BB2FD482E700878B7F /* Sources */,
				A2ADB2BC2FD482E700878B7F /* Frameworks */,
				A2ADB2BD2FD482E700878B7F /* Resources */,
			);
			buildRules = (
			);
			dependencies = (
				A2ADB2C12FD482E700878B7F /* PBXTargetDependency */,
			);
			fileSystemSynchronizedGroups = (
				A2ADB2C22FD482E700878B7F /* ZipCartUITests */,
			);
			name = ZipCartUITests;
			packageProductDependencies = (
			);
			productName = ZipCartUITests;
			productReference = A2ADB2BF2FD482E700878B7F /* ZipCartUITests.xctest */;
			productType = "com.apple.product-type.bundle.ui-testing";
		};
/* End PBXNativeTarget section */

/* Begin PBXProject section */
		A2ADB29E2FD482E600878B7F /* Project object */ = {
			isa = PBXProject;
			attributes = {
				BuildIndependentTargetsInParallel = 1;
				LastSwiftUpdateCheck = 2650;
				LastUpgradeCheck = 2650;
				TargetAttributes = {
					A2ADB2A52FD482E600878B7F = {
						CreatedOnToolsVersion = 26.5;
					};
					A2ADB2B42FD482E700878B7F = {
						CreatedOnToolsVersion = 26.5;
						TestTargetID = A2ADB2A52FD482E600878B7F;
					};
					A2ADB2BE2FD482E700878B7F = {
						CreatedOnToolsVersion = 26.5;
						TestTargetID = A2ADB2A52FD482E600878B7F;
					};
				};
			};
			buildConfigurationList = A2ADB2A12FD482E600878B7F /* Build configuration list for PBXProject "ZipCart" */;
			developmentRegion = en;
			hasScannedForEncodings = 0;
			knownRegions = (
				en,
				Base,
			);
			mainGroup = A2ADB29D2FD482E600878B7F;
			minimizedProjectReferenceProxies = 1;
			preferredProjectObjectVersion = 77;
			productRefGroup = A2ADB2A72FD482E600878B7F /* Products */;
			projectDirPath = "";
			projectRoot = "";
			targets = (
				A2ADB2A52FD482E600878B7F /* ZipCart */,
				A2ADB2B42FD482E700878B7F /* ZipCartTests */,
				A2ADB2BE2FD482E700878B7F /* ZipCartUITests */,
			);
		};
/* End PBXProject section */

/* Begin PBXResourcesBuildPhase section */
		A2ADB2A42FD482E600878B7F /* Resources */ = {
			isa = PBXResourcesBuildPhase;
			buildActionMask = 2147483647;
			files = (
			);
			runOnlyForDeploymentPostprocessing = 0;
		};
		A2ADB2B32FD482E700878B7F /* Resources */ = {
			isa = PBXResourcesBuildPhase;
			buildActionMask = 2147483647;
			files = (
			);
			runOnlyForDeploymentPostprocessing = 0;
		};
		A2ADB2BD2FD482E700878B7F /* Resources */ = {
			isa = PBXResourcesBuildPhase;
			buildActionMask = 2147483647;
			files = (
			);
			runOnlyForDeploymentPostprocessing = 0;
		};
/* End PBXResourcesBuildPhase section */

/* Begin PBXSourcesBuildPhase section */
		A2ADB2A22FD482E600878B7F /* Sources */ = {
			isa = PBXSourcesBuildPhase;
			buildActionMask = 2147483647;
			files = (
			);
			runOnlyForDeploymentPostprocessing = 0;
		};
		A2ADB2B12FD482E700878B7F /* Sources */ = {
			isa = PBXSourcesBuildPhase;
			buildActionMask = 2147483647;
			files = (
			);
			runOnlyForDeploymentPostprocessing = 0;
		};
		A2ADB2BB2FD482E700878B7F /* Sources */ = {
			isa = PBXSourcesBuildPhase;
			buildActionMask = 2147483647;
			files = (
			);
			runOnlyForDeploymentPostprocessing = 0;
		};
/* End PBXSourcesBuildPhase section */

/* Begin PBXTargetDependency section */
		A2ADB2B72FD482E700878B7F /* PBXTargetDependency */ = {
			isa = PBXTargetDependency;
			target = A2ADB2A52FD482E600878B7F /* ZipCart */;
			targetProxy = A2ADB2B62FD482E700878B7F /* PBXContainerItemProxy */;
		};
		A2ADB2C12FD482E700878B7F /* PBXTargetDependency */ = {
			isa = PBXTargetDependency;
			target = A2ADB2A52FD482E600878B7F /* ZipCart */;
			targetProxy = A2ADB2C02FD482E700878B7F /* PBXContainerItemProxy */;
		};
/* End PBXTargetDependency section */

/* Begin XCBuildConfiguration section */
		A2ADB2C72FD482E700878B7F /* Debug */ = {
			isa = XCBuildConfiguration;
			buildSettings = {
				ALWAYS_SEARCH_USER_PATHS = NO;
				ASSETCATALOG_COMPILER_GENERATE_SWIFT_ASSET_SYMBOL_EXTENSIONS = YES;
				CLANG_ANALYZER_NONNULL = YES;
				CLANG_ANALYZER_NUMBER_OBJECT_CONVERSION = YES_AGGRESSIVE;
				CLANG_CXX_LANGUAGE_STANDARD = "gnu++20";
				CLANG_ENABLE_MODULES = YES;
				CLANG_ENABLE_OBJC_ARC = YES;
				CLANG_ENABLE_OBJC_WEAK = YES;
				CLANG_WARN_BLOCK_CAPTURE_AUTORELEASING = YES;
				CLANG_WARN_BOOL_CONVERSION = YES;
				CLANG_WARN_COMMA = YES;
				CLANG_WARN_CONSTANT_CONVERSION = YES;
				CLANG_WARN_DEPRECATED_OBJC_IMPLEMENTATIONS = YES;
				CLANG_WARN_DIRECT_OBJC_ISA_USAGE = YES_ERROR;
				CLANG_WARN_DOCUMENTATION_COMMENTS = YES;
				CLANG_WARN_EMPTY_BODY = YES;
				CLANG_WARN_ENUM_CONVERSION = YES;
				CLANG_WARN_INFINITE_RECURSION = YES;
				CLANG_WARN_INT_CONVERSION = YES;
				CLANG_WARN_NON_LITERAL_NULL_CONVERSION = YES;
				CLANG_WARN_OBJC_IMPLICIT_RETAIN_SELF = YES;
				CLANG_WARN_OBJC_LITERAL_CONVERSION = YES;
				CLANG_WARN_OBJC_ROOT_CLASS = YES_ERROR;
				CLANG_WARN_QUOTED_INCLUDE_IN_FRAMEWORK_HEADER = YES;
				CLANG_WARN_RANGE_LOOP_ANALYSIS = YES;
				CLANG_WARN_STRICT_PROTOTYPES = YES;
				CLANG_WARN_SUSPICIOUS_MOVE = YES;
				CLANG_WARN_UNGUARDED_AVAILABILITY = YES_AGGRESSIVE;
				CLANG_WARN_UNREACHABLE_CODE = YES;
				CLANG_WARN__DUPLICATE_METHOD_MATCH = YES;
				COPY_PHASE_STRIP = NO;
				DEBUG_INFORMATION_FORMAT = dwarf;
				DEVELOPMENT_TEAM = A4Z83M865H;
				ENABLE_STRICT_OBJC_MSGSEND = YES;
				ENABLE_TESTABILITY = YES;
				ENABLE_USER_SCRIPT_SANDBOXING = YES;
				GCC_C_LANGUAGE_STANDARD = gnu17;
				GCC_DYNAMIC_NO_PIC = NO;
				GCC_NO_COMMON_BLOCKS = YES;
				GCC_OPTIMIZATION_LEVEL = 0;
				GCC_PREPROCESSOR_DEFINITIONS = (
					"DEBUG=1",
					"$(inherited)",
				);
				GCC_WARN_64_TO_32_BIT_CONVERSION = YES;
				GCC_WARN_ABOUT_RETURN_TYPE = YES_ERROR;
				GCC_WARN_UNDECLARED_SELECTOR = YES;
				GCC_WARN_UNINITIALIZED_AUTOS = YES_AGGRESSIVE;
				GCC_WARN_UNUSED_FUNCTION = YES;
				GCC_WARN_UNUSED_VARIABLE = YES;
				IPHONEOS_DEPLOYMENT_TARGET = 26.5;
				LOCALIZATION_PREFERS_STRING_CATALOGS = YES;
				MTL_ENABLE_DEBUG_INFO = INCLUDE_SOURCE;
				MTL_FAST_MATH = YES;
				ONLY_ACTIVE_ARCH = YES;
				SDKROOT = iphoneos;
				SWIFT_ACTIVE_COMPILATION_CONDITIONS = "DEBUG $(inherited)";
				SWIFT_OPTIMIZATION_LEVEL = "-Onone";
			};
			name = Debug;
		};
		A2ADB2C82FD482E700878B7F /* Release */ = {
			isa = XCBuildConfiguration;
			buildSettings = {
				ALWAYS_SEARCH_USER_PATHS = NO;
				ASSETCATALOG_COMPILER_GENERATE_SWIFT_ASSET_SYMBOL_EXTENSIONS = YES;
				CLANG_ANALYZER_NONNULL = YES;
				CLANG_ANALYZER_NUMBER_OBJECT_CONVERSION = YES_AGGRESSIVE;
				CLANG_CXX_LANGUAGE_STANDARD = "gnu++20";
				CLANG_ENABLE_MODULES = YES;
				CLANG_ENABLE_OBJC_ARC = YES;
				CLANG_ENABLE_OBJC_WEAK = YES;
				CLANG_WARN_BLOCK_CAPTURE_AUTORELEASING = YES;
				CLANG_WARN_BOOL_CONVERSION = YES;
				CLANG_WARN_COMMA = YES;
				CLANG_WARN_CONSTANT_CONVERSION = YES;
				CLANG_WARN_DEPRECATED_OBJC_IMPLEMENTATIONS = YES;
				CLANG_WARN_DIRECT_OBJC_ISA_USAGE = YES_ERROR;
				CLANG_WARN_DOCUMENTATION_COMMENTS = YES;
				CLANG_WARN_EMPTY_BODY = YES;
				CLANG_WARN_ENUM_CONVERSION = YES;
				CLANG_WARN_INFINITE_RECURSION = YES;
				CLANG_WARN_INT_CONVERSION = YES;
				CLANG_WARN_NON_LITERAL_NULL_CONVERSION = YES;
				CLANG_WARN_OBJC_IMPLICIT_RETAIN_SELF = YES;
				CLANG_WARN_OBJC_LITERAL_CONVERSION = YES;
				CLANG_WARN_OBJC_ROOT_CLASS = YES_ERROR;
				CLANG_WARN_QUOTED_INCLUDE_IN_FRAMEWORK_HEADER = YES;
				CLANG_WARN_RANGE_LOOP_ANALYSIS = YES;
				CLANG_WARN_STRICT_PROTOTYPES = YES;
				CLANG_WARN_SUSPICIOUS_MOVE = YES;
				CLANG_WARN_UNGUARDED_AVAILABILITY = YES_AGGRESSIVE;
				CLANG_WARN_UNREACHABLE_CODE = YES;
				CLANG_WARN__DUPLICATE_METHOD_MATCH = YES;
				COPY_PHASE_STRIP = NO;
				DEBUG_INFORMATION_FORMAT = "dwarf-with-dsym";
				DEVELOPMENT_TEAM = A4Z83M865H;
				ENABLE_NS_ASSERTIONS = NO;
				ENABLE_STRICT_OBJC_MSGSEND = YES;
				ENABLE_USER_SCRIPT_SANDBOXING = YES;
				GCC_C_LANGUAGE_STANDARD = gnu17;
				GCC_NO_COMMON_BLOCKS = YES;
				GCC_WARN_64_TO_32_BIT_CONVERSION = YES;
				GCC_WARN_ABOUT_RETURN_TYPE = YES_ERROR;
				GCC_WARN_UNDECLARED_SELECTOR = YES;
				GCC_WARN_UNINITIALIZED_AUTOS = YES_AGGRESSIVE;
				GCC_WARN_UNUSED_FUNCTION = YES;
				GCC_WARN_UNUSED_VARIABLE = YES;
				IPHONEOS_DEPLOYMENT_TARGET = 26.5;
				LOCALIZATION_PREFERS_STRING_CATALOGS = YES;
				MTL_ENABLE_DEBUG_INFO = NO;
				MTL_FAST_MATH = YES;
				SDKROOT = iphoneos;
				SWIFT_COMPILATION_MODE = wholemodule;
				VALIDATE_PRODUCT = YES;
			};
			name = Release;
		};
		A2ADB2CA2FD482E700878B7F /* Debug */ = {
			isa = XCBuildConfiguration;
			buildSettings = {
				ASSETCATALOG_COMPILER_APPICON_NAME = AppIcon;
				ASSETCATALOG_COMPILER_GLOBAL_ACCENT_COLOR_NAME = AccentColor;
				CODE_SIGN_STYLE = Automatic;
				CURRENT_PROJECT_VERSION = 1;
				DEVELOPMENT_TEAM = A4Z83M865H;
				ENABLE_PREVIEWS = YES;
				GENERATE_INFOPLIST_FILE = YES;
				INFOPLIST_KEY_UIApplicationSceneManifest_Generation = YES;
				INFOPLIST_KEY_UIApplicationSupportsIndirectInputEvents = YES;
				INFOPLIST_KEY_UILaunchScreen_Generation = YES;
				INFOPLIST_KEY_UISupportedInterfaceOrientations_iPad = "UIInterfaceOrientationPortrait UIInterfaceOrientationPortraitUpsideDown UIInterfaceOrientationLandscapeLeft UIInterfaceOrientationLandscapeRight";
				INFOPLIST_KEY_UISupportedInterfaceOrientations_iPhone = "UIInterfaceOrientationPortrait UIInterfaceOrientationLandscapeLeft UIInterfaceOrientationLandscapeRight";
				LD_RUNPATH_SEARCH_PATHS = (
					"$(inherited)",
					"@executable_path/Frameworks",
				);
				MARKETING_VERSION = 1.0;
				PRODUCT_BUNDLE_IDENTIFIER = com.trios2026DC.ZipCart;
				PRODUCT_NAME = "$(TARGET_NAME)";
				STRING_CATALOG_GENERATE_SYMBOLS = YES;
				SWIFT_APPROACHABLE_CONCURRENCY = YES;
				SWIFT_DEFAULT_ACTOR_ISOLATION = MainActor;
				SWIFT_EMIT_LOC_STRINGS = YES;
				SWIFT_UPCOMING_FEATURE_MEMBER_IMPORT_VISIBILITY = YES;
				SWIFT_VERSION = 5.0;
				TARGETED_DEVICE_FAMILY = "1,2";
			};
			name = Debug;
		};
		A2ADB2CB2FD482E700878B7F /* Release */ = {
			isa = XCBuildConfiguration;
			buildSettings = {
				ASSETCATALOG_COMPILER_APPICON_NAME = AppIcon;
				ASSETCATALOG_COMPILER_GLOBAL_ACCENT_COLOR_NAME = AccentColor;
				CODE_SIGN_STYLE = Automatic;
				CURRENT_PROJECT_VERSION = 1;
				DEVELOPMENT_TEAM = A4Z83M865H;
				ENABLE_PREVIEWS = YES;
				GENERATE_INFOPLIST_FILE = YES;
				INFOPLIST_KEY_UIApplicationSceneManifest_Generation = YES;
				INFOPLIST_KEY_UIApplicationSupportsIndirectInputEvents = YES;
				INFOPLIST_KEY_UILaunchScreen_Generation = YES;
				INFOPLIST_KEY_UISupportedInterfaceOrientations_iPad = "UIInterfaceOrientationPortrait UIInterfaceOrientationPortraitUpsideDown UIInterfaceOrientationLandscapeLeft UIInterfaceOrientationLandscapeRight";
				INFOPLIST_KEY_UISupportedInterfaceOrientations_iPhone = "UIInterfaceOrientationPortrait UIInterfaceOrientationLandscapeLeft UIInterfaceOrientationLandscapeRight";
				LD_RUNPATH_SEARCH_PATHS = (
					"$(inherited)",
					"@executable_path/Frameworks",
				);
				MARKETING_VERSION = 1.0;
				PRODUCT_BUNDLE_IDENTIFIER = com.trios2026DC.ZipCart;
				PRODUCT_NAME = "$(TARGET_NAME)";
				STRING_CATALOG_GENERATE_SYMBOLS = YES;
				SWIFT_APPROACHABLE_CONCURRENCY = YES;
				SWIFT_DEFAULT_ACTOR_ISOLATION = MainActor;
				SWIFT_EMIT_LOC_STRINGS = YES;
				SWIFT_UPCOMING_FEATURE_MEMBER_IMPORT_VISIBILITY = YES;
				SWIFT_VERSION = 5.0;
				TARGETED_DEVICE_FAMILY = "1,2";
			};
			name = Release;
		};
		A2ADB2CD2FD482E700878B7F /* Debug */ = {
			isa = XCBuildConfiguration;
			buildSettings = {
				BUNDLE_LOADER = "$(TEST_HOST)";
				CODE_SIGN_STYLE = Automatic;
				CURRENT_PROJECT_VERSION = 1;
				DEVELOPMENT_TEAM = A4Z83M865H;
				GENERATE_INFOPLIST_FILE = YES;
				IPHONEOS_DEPLOYMENT_TARGET = 26.5;
				MARKETING_VERSION = 1.0;
				PRODUCT_BUNDLE_IDENTIFIER = com.trios2026DC.ZipCartTests;
				PRODUCT_NAME = "$(TARGET_NAME)";
				STRING_CATALOG_GENERATE_SYMBOLS = NO;
				SWIFT_APPROACHABLE_CONCURRENCY = YES;
				SWIFT_EMIT_LOC_STRINGS = NO;
				SWIFT_UPCOMING_FEATURE_MEMBER_IMPORT_VISIBILITY = YES;
				SWIFT_VERSION = 5.0;
				TARGETED_DEVICE_FAMILY = "1,2";
				TEST_HOST = "$(BUILT_PRODUCTS_DIR)/ZipCart.app/$(BUNDLE_EXECUTABLE_FOLDER_PATH)/ZipCart";
			};
			name = Debug;
		};
		A2ADB2CE2FD482E700878B7F /* Release */ = {
			isa = XCBuildConfiguration;
			buildSettings = {
				BUNDLE_LOADER = "$(TEST_HOST)";
				CODE_SIGN_STYLE = Automatic;
				CURRENT_PROJECT_VERSION = 1;
				DEVELOPMENT_TEAM = A4Z83M865H;
				GENERATE_INFOPLIST_FILE = YES;
				IPHONEOS_DEPLOYMENT_TARGET = 26.5;
				MARKETING_VERSION = 1.0;
				PRODUCT_BUNDLE_IDENTIFIER = com.trios2026DC.ZipCartTests;
				PRODUCT_NAME = "$(TARGET_NAME)";
				STRING_CATALOG_GENERATE_SYMBOLS = NO;
				SWIFT_APPROACHABLE_CONCURRENCY = YES;
				SWIFT_EMIT_LOC_STRINGS = NO;
				SWIFT_UPCOMING_FEATURE_MEMBER_IMPORT_VISIBILITY = YES;
				SWIFT_VERSION = 5.0;
				TARGETED_DEVICE_FAMILY = "1,2";
				TEST_HOST = "$(BUILT_PRODUCTS_DIR)/ZipCart.app/$(BUNDLE_EXECUTABLE_FOLDER_PATH)/ZipCart";
			};
			name = Release;
		};
		A2ADB2D02FD482E700878B7F /* Debug */ = {
			isa = XCBuildConfiguration;
			buildSettings = {
				CODE_SIGN_STYLE = Automatic;
				CURRENT_PROJECT_VERSION = 1;
				DEVELOPMENT_TEAM = A4Z83M865H;
				GENERATE_INFOPLIST_FILE = YES;
				MARKETING_VERSION = 1.0;
				PRODUCT_BUNDLE_IDENTIFIER = com.trios2026DC.ZipCartUITests;
				PRODUCT_NAME = "$(TARGET_NAME)";
				STRING_CATALOG_GENERATE_SYMBOLS = NO;
				SWIFT_APPROACHABLE_CONCURRENCY = YES;
				SWIFT_EMIT_LOC_STRINGS = NO;
				SWIFT_UPCOMING_FEATURE_MEMBER_IMPORT_VISIBILITY = YES;
				SWIFT_VERSION = 5.0;
				TARGETED_DEVICE_FAMILY = "1,2";
				TEST_TARGET_NAME = ZipCart;
			};
			name = Debug;
		};
		A2ADB2D12FD482E700878B7F /* Release */ = {
			isa = XCBuildConfiguration;
			buildSettings = {
				CODE_SIGN_STYLE = Automatic;
				CURRENT_PROJECT_VERSION = 1;
				DEVELOPMENT_TEAM = A4Z83M865H;
				GENERATE_INFOPLIST_FILE = YES;
				MARKETING_VERSION = 1.0;
				PRODUCT_BUNDLE_IDENTIFIER = com.trios2026DC.ZipCartUITests;
				PRODUCT_NAME = "$(TARGET_NAME)";
				STRING_CATALOG_GENERATE_SYMBOLS = NO;
				SWIFT_APPROACHABLE_CONCURRENCY = YES;
				SWIFT_EMIT_LOC_STRINGS = NO;
				SWIFT_UPCOMING_FEATURE_MEMBER_IMPORT_VISIBILITY = YES;
				SWIFT_VERSION = 5.0;
				TARGETED_DEVICE_FAMILY = "1,2";
				TEST_TARGET_NAME = ZipCart;
			};
			name = Release;
		};
/* End XCBuildConfiguration section */

/* Begin XCConfigurationList section */
		A2ADB2A12FD482E600878B7F /* Build configuration list for PBXProject "ZipCart" */ = {
			isa = XCConfigurationList;
			buildConfigurations = (
				A2ADB2C72FD482E700878B7F /* Debug */,
				A2ADB2C82FD482E700878B7F /* Release */,
			);
			defaultConfigurationIsVisible = 0;
			defaultConfigurationName = Release;
		};
		A2ADB2C92FD482E700878B7F /* Build configuration list for PBXNativeTarget "ZipCart" */ = {
			isa = XCConfigurationList;
			buildConfigurations = (
				A2ADB2CA2FD482E700878B7F /* Debug */,
				A2ADB2CB2FD482E700878B7F /* Release */,
			);
			defaultConfigurationIsVisible = 0;
			defaultConfigurationName = Release;
		};
		A2ADB2CC2FD482E700878B7F /* Build configuration list for PBXNativeTarget "ZipCartTests" */ = {
			isa = XCConfigurationList;
			buildConfigurations = (
				A2ADB2CD2FD482E700878B7F /* Debug */,
				A2ADB2CE2FD482E700878B7F /* Release */,
			);
			defaultConfigurationIsVisible = 0;
			defaultConfigurationName = Release;
		};
		A2ADB2CF2FD482E700878B7F /* Build configuration list for PBXNativeTarget "ZipCartUITests" */ = {
			isa = XCConfigurationList;
			buildConfigurations = (
				A2ADB2D02FD482E700878B7F /* Debug */,
				A2ADB2D12FD482E700878B7F /* Release */,
			);
			defaultConfigurationIsVisible = 0;
			defaultConfigurationName = Release;
		};
/* End XCConfigurationList section */
	};
	rootObject = A2ADB29E2FD482E600878B7F /* Project object */;
}
